
Microsoft Visual Studio Solution File, Format Version 12.00
# Visual Studio Version 16
VisualStudioVersion = 16.0.29806.167
MinimumVisualStudioVersion = 10.0.40219.1
Project("{FAE04EC0-301F-11D3-BF4B-00C04F79EFBC}") = "YelpProject", "YelpProject\YelpProject.csproj", "{0C3130E7-3643-4E11-BD6D-0B9547D2702F}"
EndProject
Global
	GlobalSection(SolutionConfigurationPlatforms) = preSolution
		Debug|Any CPU = Debug|Any CPU
		Release|Any CPU = Release|Any CPU
	EndGlobalSection
	GlobalSection(ProjectConfigurationPlatforms) = postSolution
		{0C3130E7-3643-4E11-BD6D-0B9547D2702F}.Debug|Any CPU.ActiveCfg = Debug|Any CPU
		{0C3130E7-3643-4E11-BD6D-0B9547D2702F}.Debug|Any CPU.Build.0 = Debug|Any CPU
		{0C3130E7-3643-4E11-BD6D-0B9547D2702F}.Release|Any CPU.ActiveCfg = Release|Any CPU
		{0C3130E7-3643-4E11-BD6D-0B9547D2702F}.Release|Any CPU.Build.0 = Release|Any CPU
	EndGlobalSection
	GlobalSection(SolutionProperties) = preSolution
		HideSolutionNode = FALSE
	EndGlobalSection
	GlobalSection(ExtensibilityGlobals) = postSolution
		SolutionGuid = {4258DD33-3261-48C0-96D2-4572F767AA22}
	EndGlobalSection
EndGlobal
